{
  "name": "3_1",
  "version": "1.0.0",
  "lockfileVersion": 1,
  "requires": true,
  "dependencies": {
    "@andresmrnv/n_ajs_npmpackages": {
      "version": "1.0.0",
      "resolved": "https://npm.pkg.github.com/download/@andresmrnv/n_ajs_npmpackages/1.0.0/ac30580b3787a986c455810626dae9d1a759c8d58dd6f1cea225fb8756e20a9b",
      "integrity": "sha1-0uGO86d7bbFGFkE27QPfTr0TUiA="
    }
  }
}
